github.com/goccy/go-reflect v1.2.0 h1:O0T8rZCuNmGXewnATuKYnkL0xm6o8UNOJZd/gOkb9ms=
github.com/goccy/go-reflect v1.2.0/go.mod h1:n0oYZn8VcV2CkWTxi8B9QjkCoq6GTtCEdfmR66YhFtE=
github.com/lib/pq v1.10.2 h1:AqzbZs4ZoCBp+GtejcpCpcxM3zlSMx29dXbUSeVtJb8=
github.com/lib/pq v1.10.2/go.mod h1:AlVN5x4E4T544tWzH6hKfbfQvm3HdbOxrmggDNAPY9o=
